
Microsoft Visual Studio Solution File, Format Version 12.00
# Visual Studio Version 16
VisualStudioVersion = 16.0.31321.278
MinimumVisualStudioVersion = 10.0.40219.1
Project("{FAE04EC0-301F-11D3-BF4B-00C04F79EFBC}") = "ExoSort", "ExoSort\ExoSort.csproj", "{525FDD3D-2B59-4D47-ACEB-8784B607FE6D}"
EndProject
Global
	GlobalSection(SolutionConfigurationPlatforms) = preSolution
		Debug|Any CPU = Debug|Any CPU
		Release|Any CPU = Release|Any CPU
	EndGlobalSection
	GlobalSection(ProjectConfigurationPlatforms) = postSolution
		{525FDD3D-2B59-4D47-ACEB-8784B607FE6D}.Debug|Any CPU.ActiveCfg = Debug|Any CPU
		{525FDD3D-2B59-4D47-ACEB-8784B607FE6D}.Debug|Any CPU.Build.0 = Debug|Any CPU
		{525FDD3D-2B59-4D47-ACEB-8784B607FE6D}.Release|Any CPU.ActiveCfg = Release|Any CPU
		{525FDD3D-2B59-4D47-ACEB-8784B607FE6D}.Release|Any CPU.Build.0 = Release|Any CPU
	EndGlobalSection
	GlobalSection(SolutionProperties) = preSolution
		HideSolutionNode = FALSE
	EndGlobalSection
	GlobalSection(ExtensibilityGlobals) = postSolution
		SolutionGuid = {C131D5E5-A183-4B99-99CA-8DA15F4D6BF0}
	EndGlobalSection
EndGlobal
